
Microsoft Visual Studio Solution File, Format Version 12.00
# Visual Studio Version 17
VisualStudioVersion = 17.4.33213.308
MinimumVisualStudioVersion = 10.0.40219.1
Project("{FAE04EC0-301F-11D3-BF4B-00C04F79EFBC}") = "kavitapractice1", "kavitapractice1.csproj", "{A41E7D86-1B7E-4C56-AA02-3CE0285F5D10}"
EndProject
Global
	GlobalSection(SolutionConfigurationPlatforms) = preSolution
		Debug|Any CPU = Debug|Any CPU
		Release|Any CPU = Release|Any CPU
	EndGlobalSection
	GlobalSection(ProjectConfigurationPlatforms) = postSolution
		{A41E7D86-1B7E-4C56-AA02-3CE0285F5D10}.Debug|Any CPU.ActiveCfg = Debug|Any CPU
		{A41E7D86-1B7E-4C56-AA02-3CE0285F5D10}.Debug|Any CPU.Build.0 = Debug|Any CPU
		{A41E7D86-1B7E-4C56-AA02-3CE0285F5D10}.Release|Any CPU.ActiveCfg = Release|Any CPU
		{A41E7D86-1B7E-4C56-AA02-3CE0285F5D10}.Release|Any CPU.Build.0 = Release|Any CPU
	EndGlobalSection
	GlobalSection(SolutionProperties) = preSolution
		HideSolutionNode = FALSE
	EndGlobalSection
	GlobalSection(ExtensibilityGlobals) = postSolution
		SolutionGuid = {1B60B7B7-BC99-4A86-AA73-2479D3ADF4D1}
	EndGlobalSection
EndGlobal
